{
  "nodes": {
    "flake-utils": {
      "locked": {
        "lastModified": 1649676176,
        "narHash": "sha256-OWKJratjt2RW151VUlJPRALb7OU2S5s+f0vLj4o1bHM=",
        "owner": "numtide",
        "repo": "flake-utils",
        "rev": "a4b154ebbdc88c8498a5c7b01589addc9e9cb678",
        "type": "github"
      },
      "original": {
        "owner": "numtide",
        "repo": "flake-utils",
        "type": "github"
      }
    },
    "nixpkgs": {
      "locked": {
        "lastModified": 1652172129,
        "narHash": "sha256-8e2JMrswaKe02P8rYfvIMoc59pNuw6h/GYu8DBE1c+0=",
        "owner": "NixOS",
        "repo": "nixpkgs",
        "rev": "f419dc5763c2b3c5580e396dea065b6d8b58ee27",
        "type": "github"
      },
      "original": {
        "owner": "NixOS",
        "ref": "nixos-unstable",
        "repo": "nixpkgs",
        "type": "github"
      }
    },
    "npmlock2nix": {
      "flake": false,
      "locked": {
        "lastModified": 1648735462,
        "narHash": "sha256-G22WBttdFoWp7E/YvGfePOc+W+ZsQGw+IwpFbAwJNeI=",
        "owner": "nix-community",
        "repo": "npmlock2nix",
        "rev": "dd2897c3a6e404446704a63f40b9a29fa0acf752",
        "type": "github"
      },
      "original": {
        "owner": "nix-community",
        "repo": "npmlock2nix",
        "type": "github"
      }
    },
    "root": {
      "inputs": {
        "flake-utils": "flake-utils",
        "nixpkgs": "nixpkgs",
        "npmlock2nix": "npmlock2nix"
      }
    }
  },
  "root": "root",
  "version": 7
}
