PODS:
  - OLMKit (2.0.0):
    - OLMKit/olmc (= 2.0.0)
    - OLMKit/olmcpp (= 2.0.0)
  - OLMKit/olmc (2.0.0)
  - OLMKit/olmcpp (2.0.0)

DEPENDENCIES:
  - OLMKit (from `../OLMKit.podspec`)

EXTERNAL SOURCES:
  OLMKit:
    :path: ../OLMKit.podspec

SPEC CHECKSUMS:
  OLMKit: 5f2894a210ca99ad17128af4fd3beeeeb0eca404

PODFILE CHECKSUM: 4e261dae61d833ec5585ced2473023b98909fd35

COCOAPODS: 1.1.1
