PODS:
  - OLMKit (3.0.0):
    - OLMKit/olmc (= 3.0.0)
    - OLMKit/olmcpp (= 3.0.0)
  - OLMKit/olmc (3.0.0)
  - OLMKit/olmcpp (3.0.0)

DEPENDENCIES:
  - OLMKit (from `../OLMKit.podspec`)

EXTERNAL SOURCES:
  OLMKit:
    :path: "../OLMKit.podspec"

SPEC CHECKSUMS:
  OLMKit: 88eda69110489f817d59bcb4353b7c247570aa4f

PODFILE CHECKSUM: 4e261dae61d833ec5585ced2473023b98909fd35

COCOAPODS: 1.6.0
